
Microsoft Visual Studio Solution File, Format Version 12.00
# Visual Studio Version 16
VisualStudioVersion = 16.0.31613.86
MinimumVisualStudioVersion = 10.0.40219.1
Project("{FAE04EC0-301F-11D3-BF4B-00C04F79EFBC}") = "ParserParallel", "ParserParallel\ParserParallel.csproj", "{FA72C8D4-6003-4D7E-8732-C2C3BD42EBCD}"
EndProject
Global
	GlobalSection(SolutionConfigurationPlatforms) = preSolution
		Debug|Any CPU = Debug|Any CPU
		Release|Any CPU = Release|Any CPU
	EndGlobalSection
	GlobalSection(ProjectConfigurationPlatforms) = postSolution
		{FA72C8D4-6003-4D7E-8732-C2C3BD42EBCD}.Debug|Any CPU.ActiveCfg = Debug|Any CPU
		{FA72C8D4-6003-4D7E-8732-C2C3BD42EBCD}.Debug|Any CPU.Build.0 = Debug|Any CPU
		{FA72C8D4-6003-4D7E-8732-C2C3BD42EBCD}.Release|Any CPU.ActiveCfg = Release|Any CPU
		{FA72C8D4-6003-4D7E-8732-C2C3BD42EBCD}.Release|Any CPU.Build.0 = Release|Any CPU
	EndGlobalSection
	GlobalSection(SolutionProperties) = preSolution
		HideSolutionNode = FALSE
	EndGlobalSection
	GlobalSection(ExtensibilityGlobals) = postSolution
		SolutionGuid = {4D426AB8-217E-4F7B-822F-B14DDC59550E}
	EndGlobalSection
EndGlobal
